
Microsoft Visual Studio Solution File, Format Version 12.00
# Visual Studio Version 17
VisualStudioVersion = 17.9.34728.123
MinimumVisualStudioVersion = 10.0.40219.1
Project("{FAE04EC0-301F-11D3-BF4B-00C04F79EFBC}") = "API_WebApp", "API_WebApp\API_WebApp.csproj", "{09EA3A3A-945B-49E0-80D5-34ABDBE43D3D}"
EndProject
Global
	GlobalSection(SolutionConfigurationPlatforms) = preSolution
		Debug|Any CPU = Debug|Any CPU
		Release|Any CPU = Release|Any CPU
	EndGlobalSection
	GlobalSection(ProjectConfigurationPlatforms) = postSolution
		{09EA3A3A-945B-49E0-80D5-34ABDBE43D3D}.Debug|Any CPU.ActiveCfg = Debug|Any CPU
		{09EA3A3A-945B-49E0-80D5-34ABDBE43D3D}.Debug|Any CPU.Build.0 = Debug|Any CPU
		{09EA3A3A-945B-49E0-80D5-34ABDBE43D3D}.Release|Any CPU.ActiveCfg = Release|Any CPU
		{09EA3A3A-945B-49E0-80D5-34ABDBE43D3D}.Release|Any CPU.Build.0 = Release|Any CPU
	EndGlobalSection
	GlobalSection(SolutionProperties) = preSolution
		HideSolutionNode = FALSE
	EndGlobalSection
	GlobalSection(ExtensibilityGlobals) = postSolution
		SolutionGuid = {63696371-28BD-4AD1-9D66-AB7F243154DC}
	EndGlobalSection
EndGlobal
